PODS:
  - background_location_2 (0.0.1):
    - Flutter
  - battery_plus (1.0.0):
    - Flutter
  - connectivity_plus (0.0.1):
    - Flutter
  - device_info_plus (0.0.1):
    - Flutter
  - Flutter (1.0.0)
  - flutter_background_service_ios (0.0.3):
    - Flutter
  - flutter_local_notifications (0.0.1):
    - Flutter
  - geolocator_apple (1.2.0):
    - Flutter
    - FlutterMacOS
  - integration_test (0.0.1):
    - Flutter
  - permission_handler_apple (9.3.0):
    - Flutter
  - shared_preferences_foundation (0.0.1):
    - Flutter
    - FlutterMacOS
  - vietmap_tracking_plugin (1.0.3):
    - Flutter
    - VietmapTrackingSDK (= 1.4.0)
  - VietmapTrackingSDK (1.4.0)

DEPENDENCIES:
  - background_location_2 (from `.symlinks/plugins/background_location_2/ios`)
  - battery_plus (from `.symlinks/plugins/battery_plus/ios`)
  - connectivity_plus (from `.symlinks/plugins/connectivity_plus/ios`)
  - device_info_plus (from `.symlinks/plugins/device_info_plus/ios`)
  - Flutter (from `Flutter`)
  - flutter_background_service_ios (from `.symlinks/plugins/flutter_background_service_ios/ios`)
  - flutter_local_notifications (from `.symlinks/plugins/flutter_local_notifications/ios`)
  - geolocator_apple (from `.symlinks/plugins/geolocator_apple/darwin`)
  - integration_test (from `.symlinks/plugins/integration_test/ios`)
  - permission_handler_apple (from `.symlinks/plugins/permission_handler_apple/ios`)
  - shared_preferences_foundation (from `.symlinks/plugins/shared_preferences_foundation/darwin`)
  - vietmap_tracking_plugin (from `.symlinks/plugins/vietmap_tracking_plugin/ios`)
  - VietmapTrackingSDK (= 1.4.0)

SPEC REPOS:
  https://github.com/CocoaPods/Specs.git:
    - VietmapTrackingSDK

EXTERNAL SOURCES:
  background_location_2:
    :path: ".symlinks/plugins/background_location_2/ios"
  battery_plus:
    :path: ".symlinks/plugins/battery_plus/ios"
  connectivity_plus:
    :path: ".symlinks/plugins/connectivity_plus/ios"
  device_info_plus:
    :path: ".symlinks/plugins/device_info_plus/ios"
  Flutter:
    :path: Flutter
  flutter_background_service_ios:
    :path: ".symlinks/plugins/flutter_background_service_ios/ios"
  flutter_local_notifications:
    :path: ".symlinks/plugins/flutter_local_notifications/ios"
  geolocator_apple:
    :path: ".symlinks/plugins/geolocator_apple/darwin"
  integration_test:
    :path: ".symlinks/plugins/integration_test/ios"
  permission_handler_apple:
    :path: ".symlinks/plugins/permission_handler_apple/ios"
  shared_preferences_foundation:
    :path: ".symlinks/plugins/shared_preferences_foundation/darwin"
  vietmap_tracking_plugin:
    :path: ".symlinks/plugins/vietmap_tracking_plugin/ios"

SPEC CHECKSUMS:
  background_location_2: 2c49acf3b57e9a907a5c7f7ceb41e64895a6d8bc
  battery_plus: 34f72fa2afeeea83bbae306c72a25828d3ec727a
  connectivity_plus: 2a701ffec2c0ae28a48cf7540e279787e77c447d
  device_info_plus: bf2e3232933866d73fe290f2942f2156cdd10342
  Flutter: cabc95a1d2626b1b06e7179b784ebcf0c0cde467
  flutter_background_service_ios: e30e0d3ee69e4cee66272d0c78eacd48c2e94aac
  flutter_local_notifications: ff50f8405aaa0ccdc7dcfb9022ca192e8ad9688f
  geolocator_apple: 66b711889fd333205763b83c9dcf0a57a28c7afd
  integration_test: 252f60fa39af5e17c3aa9899d35d908a0721b573
  permission_handler_apple: 9878588469a2b0d0fc1e048d9f43605f92e6cec2
  shared_preferences_foundation: fcdcbc04712aee1108ac7fda236f363274528f78
  vietmap_tracking_plugin: 571a1c12d0b8f1d95967364fe2c7d94a3db10b9e
  VietmapTrackingSDK: 80ad46bad7263db80dd53a5b8c64e0d955325a19

PODFILE CHECKSUM: 062fbd1880f0c847d6456d2bcf030915705d5f00

COCOAPODS: 1.15.2
